// !$*UTF8*$!
{
	archiveVersion = 1;
	classes = {
	};
	objectVersion = 46;
	objects = {

/* Begin PBXBuildFile section */
		75A3D05E1ABA5DAC00F586DC /* AppDelegate.swift in Sources */ = {isa = PBXBuildFile; fileRef = 75A3D05D1ABA5DAC00F586DC /* AppDelegate.swift */; };
		75A3D0601ABA5DAC00F586DC /* ViewController.swift in Sources */ = {isa = PBXBuildFile; fileRef = 75A3D05F1ABA5DAC00F586DC /* ViewController.swift */; };
		75A3D0631ABA5DAC00F586DC /* Main.storyboard in Resources */ = {isa = PBXBuildFile; fileRef = 75A3D0611ABA5DAC00F586DC /* Main.storyboard */; };
		75A3D0651ABA5DAC00F586DC /* Images.xcassets in Resources */ = {isa = PBXBuildFile; fileRef = 75A3D0641ABA5DAC00F586DC /* Images.xcassets */; };
		75A3D0681ABA5DAC00F586DC /* LaunchScreen.xib in Resources */ = {isa = PBXBuildFile; fileRef = 75A3D0661ABA5DAC00F586DC /* LaunchScreen.xib */; };
		75A3D0741ABA5DAC00F586DC /* StrandTests.swift in Sources */ = {isa = PBXBuildFile; fileRef = 75A3D0731ABA5DAC00F586DC /* StrandTests.swift */; };
/* End PBXBuildFile section */

/* Begin PBXContainerItemProxy section */
		75A3D06E1ABA5DAC00F586DC /* PBXContainerItemProxy */ = {
			isa = PBXContainerItemProxy;
			containerPortal = 75A3D0501ABA5DAC00F586DC /* Project object */;
			proxyType = 1;
			remoteGlobalIDString = 75A3D0571ABA5DAC00F586DC;
			remoteInfo = Strand;
		};
/* End PBXContainerItemProxy section */

/* Begin PBXFileReference section */
		75A3D0581ABA5DAC00F586DC /* Strand.app */ = {isa = PBXFileReference; explicitFileType = wrapper.application; includeInIndex = 0; path = Strand.app; sourceTree = BUILT_PRODUCTS_DIR; };
		75A3D05C1ABA5DAC00F586DC /* Info.plist */ = {isa = PBXFileReference; lastKnownFileType = text.plist.xml; path = Info.plist; sourceTree = "<group>"; };
		75A3D05D1ABA5DAC00F586DC /* AppDelegate.swift */ = {isa = PBXFileReference; lastKnownFileType = sourcecode.swift; path = AppDelegate.swift; sourceTree = "<group>"; };
		75A3D05F1ABA5DAC00F586DC /* ViewController.swift */ = {isa = PBXFileReference; lastKnownFileType = sourcecode.swift; path = ViewController.swift; sourceTree = "<group>"; };
		75A3D0621ABA5DAC00F586DC /* Base */ = {isa = PBXFileReference; lastKnownFileType = file.storyboard; name = Base; path = Base.lproj/Main.storyboard; sourceTree = "<group>"; };
		75A3D0641ABA5DAC00F586DC /* Images.xcassets */ = {isa = PBXFileReference; lastKnownFileType = folder.assetcatalog; path = Images.xcassets; sourceTree = "<group>"; };
		75A3D0671ABA5DAC00F586DC /* Base */ = {isa = PBXFileReference; lastKnownFileType = file.xib; name = Base; path = Base.lproj/LaunchScreen.xib; sourceTree = "<group>"; };
		75A3D06D1ABA5DAC00F586DC /* StrandTests.xctest */ = {isa = PBXFileReference; explicitFileType = wrapper.cfbundle; includeInIndex = 0; path = StrandTests.xctest; sourceTree = BUILT_PRODUCTS_DIR; };
		75A3D0721ABA5DAC00F586DC /* Info.plist */ = {isa = PBXFileReference; lastKnownFileType = text.plist.xml; path = Info.plist; sourceTree = "<group>"; };
		75A3D0731ABA5DAC00F586DC /* StrandTests.swift */ = {isa = PBXFileReference; lastKnownFileType = sourcecode.swift; path = StrandTests.swift; sourceTree = "<group>"; };
/* End PBXFileReference section */

/* Begin PBXFrameworksBuildPhase section */
		75A3D0551ABA5DAC00F586DC /* Frameworks */ = {
			isa = PBXFrameworksBuildPhase;
			buildActionMask = 2147483647;
			files = (
			);
			runOnlyForDeploymentPostprocessing = 0;
		};
		75A3D06A1ABA5DAC00F586DC /* Frameworks */ = {
			isa = PBXFrameworksBuildPhase;
			buildActionMask = 2147483647;
			files = (
			);
			runOnlyForDeploymentPostprocessing = 0;
		};
/* End PBXFrameworksBuildPhase section */

/* Begin PBXGroup section */
		75A3D04F1ABA5DAC00F586DC = {
			isa = PBXGroup;
			children = (
				75A3D05A1ABA5DAC00F586DC /* Strand */,
				75A3D0701ABA5DAC00F586DC /* StrandTests */,
				75A3D0591ABA5DAC00F586DC /* Products */,
			);
			sourceTree = "<group>";
		};
		75A3D0591ABA5DAC00F586DC /* Products */ = {
			isa = PBXGroup;
			children = (
				75A3D0581ABA5DAC00F586DC /* Strand.app */,
				75A3D06D1ABA5DAC00F586DC /* StrandTests.xctest */,
			);
			name = Products;
			sourceTree = "<group>";
		};
		75A3D05A1ABA5DAC00F586DC /* Strand */ = {
			isa = PBXGroup;
			children = (
				75A3D05D1ABA5DAC00F586DC /* AppDelegate.swift */,
				75A3D05F1ABA5DAC00F586DC /* ViewController.swift */,
				75A3D0611ABA5DAC00F586DC /* Main.storyboard */,
				75A3D0641ABA5DAC00F586DC /* Images.xcassets */,
				75A3D0661ABA5DAC00F586DC /* LaunchScreen.xib */,
				75A3D05B1ABA5DAC00F586DC /* Supporting Files */,
			);
			path = Strand;
			sourceTree = "<group>";
		};
		75A3D05B1ABA5DAC00F586DC /* Supporting Files */ = {
			isa = PBXGroup;
			children = (
				75A3D05C1ABA5DAC00F586DC /* Info.plist */,
			);
			name = "Supporting Files";
			sourceTree = "<group>";
		};
		75A3D0701ABA5DAC00F586DC /* StrandTests */ = {
			isa = PBXGroup;
			children = (
				75A3D0731ABA5DAC00F586DC /* StrandTests.swift */,
				75A3D0711ABA5DAC00F586DC /* Supporting Files */,
			);
			path = StrandTests;
			sourceTree = "<group>";
		};
		75A3D0711ABA5DAC00F586DC /* Supporting Files */ = {
			isa = PBXGroup;
			children = (
				75A3D0721ABA5DAC00F586DC /* Info.plist */,
			);
			name = "Supporting Files";
			sourceTree = "<group>";
		};
/* End PBXGroup section */

/* Begin PBXNativeTarget section */
		75A3D0571ABA5DAC00F586DC /* Strand */ = {
			isa = PBXNativeTarget;
			buildConfigurationList = 75A3D0771ABA5DAC00F586DC /* Build configuration list for PBXNativeTarget "Strand" */;
			buildPhases = (
				75A3D0541ABA5DAC00F586DC /* Sources */,
				75A3D0551ABA5DAC00F586DC /* Frameworks */,
				75A3D0561ABA5DAC00F586DC /* Resources */,
			);
			buildRules = (
			);
			dependencies = (
			);
			name = Strand;
			productName = Strand;
			productReference = 75A3D0581ABA5DAC00F586DC /* Strand.app */;
			productType = "com.apple.product-type.application";
		};
		75A3D06C1ABA5DAC00F586DC /* StrandTests */ = {
			isa = PBXNativeTarget;
			buildConfigurationList = 75A3D07A1ABA5DAC00F586DC /* Build configuration list for PBXNativeTarget "StrandTests" */;
			buildPhases = (
				75A3D0691ABA5DAC00F586DC /* Sources */,
				75A3D06A1ABA5DAC00F586DC /* Frameworks */,
				75A3D06B1ABA5DAC00F586DC /* Resources */,
			);
			buildRules = (
			);
			dependencies = (
				75A3D06F1ABA5DAC00F586DC /* PBXTargetDependency */,
			);
			name = StrandTests;
			productName = StrandTests;
			productReference = 75A3D06D1ABA5DAC00F586DC /* StrandTests.xctest */;
			productType = "com.apple.product-type.bundle.unit-test";
		};
/* End PBXNativeTarget section */

/* Begin PBXProject section */
		75A3D0501ABA5DAC00F586DC /* Project object */ = {
			isa = PBXProject;
			attributes = {
				LastUpgradeCheck = 0630;
				ORGANIZATIONNAME = "Micah Redding";
				TargetAttributes = {
					75A3D0571ABA5DAC00F586DC = {
						CreatedOnToolsVersion = 6.3;
					};
					75A3D06C1ABA5DAC00F586DC = {
						CreatedOnToolsVersion = 6.3;
						TestTargetID = 75A3D0571ABA5DAC00F586DC;
					};
				};
			};
			buildConfigurationList = 75A3D0531ABA5DAC00F586DC /* Build configuration list for PBXProject "Strand" */;
			compatibilityVersion = "Xcode 3.2";
			developmentRegion = English;
			hasScannedForEncodings = 0;
			knownRegions = (
				en,
				Base,
			);
			mainGroup = 75A3D04F1ABA5DAC00F586DC;
			productRefGroup = 75A3D0591ABA5DAC00F586DC /* Products */;
			projectDirPath = "";
			projectRoot = "";
			targets = (
				75A3D0571ABA5DAC00F586DC /* Strand */,
				75A3D06C1ABA5DAC00F586DC /* StrandTests */,
			);
		};
/* End PBXProject section */

/* Begin PBXResourcesBuildPhase section */
		75A3D0561ABA5DAC00F586DC /* Resources */ = {
			isa = PBXResourcesBuildPhase;
			buildActionMask = 2147483647;
			files = (
				75A3D0631ABA5DAC00F586DC /* Main.storyboard in Resources */,
				75A3D0681ABA5DAC00F586DC /* LaunchScreen.xib in Resources */,
				75A3D0651ABA5DAC00F586DC /* Images.xcassets in Resources */,
			);
			runOnlyForDeploymentPostprocessing = 0;
		};
		75A3D06B1ABA5DAC00F586DC /* Resources */ = {
			isa = PBXResourcesBuildPhase;
			buildActionMask = 2147483647;
			files = (
			);
			runOnlyForDeploymentPostprocessing = 0;
		};
/* End PBXResourcesBuildPhase section */

/* Begin PBXSourcesBuildPhase section */
		75A3D0541ABA5DAC00F586DC /* Sources */ = {
			isa = PBXSourcesBuildPhase;
			buildActionMask = 2147483647;
			files = (
				75A3D0601ABA5DAC00F586DC /* ViewController.swift in Sources */,
				75A3D05E1ABA5DAC00F586DC /* AppDelegate.swift in Sources */,
			);
			runOnlyForDeploymentPostprocessing = 0;
		};
		75A3D0691ABA5DAC00F586DC /* Sources */ = {
			isa = PBXSourcesBuildPhase;
			buildActionMask = 2147483647;
			files = (
				75A3D0741ABA5DAC00F586DC /* StrandTests.swift in Sources */,
			);
			runOnlyForDeploymentPostprocessing = 0;
		};
/* End PBXSourcesBuildPhase section */

/* Begin PBXTargetDependency section */
		75A3D06F1ABA5DAC00F586DC /* PBXTargetDependency */ = {
			isa = PBXTargetDependency;
			target = 75A3D0571ABA5DAC00F586DC /* Strand */;
			targetProxy = 75A3D06E1ABA5DAC00F586DC /* PBXContainerItemProxy */;
		};
/* End PBXTargetDependency section */

/* Begin PBXVariantGroup section */
		75A3D0611ABA5DAC00F586DC /* Main.storyboard */ = {
			isa = PBXVariantGroup;
			children = (
				75A3D0621ABA5DAC00F586DC /* Base */,
			);
			name = Main.storyboard;
			sourceTree = "<group>";
		};
		75A3D0661ABA5DAC00F586DC /* LaunchScreen.xib */ = {
			isa = PBXVariantGroup;
			children = (
				75A3D0671ABA5DAC00F586DC /* Base */,
			);
			name = LaunchScreen.xib;
			sourceTree = "<group>";
		};
/* End PBXVariantGroup section */

/* Begin XCBuildConfiguration section */
		75A3D0751ABA5DAC00F586DC /* Debug */ = {
			isa = XCBuildConfiguration;
			buildSettings = {
				ALWAYS_SEARCH_USER_PATHS = NO;
				CLANG_CXX_LANGUAGE_STANDARD = "gnu++0x";
				CLANG_CXX_LIBRARY = "libc++";
				CLANG_ENABLE_MODULES = YES;
				CLANG_ENABLE_OBJC_ARC = YES;
				CLANG_WARN_BOOL_CONVERSION = YES;
				CLANG_WARN_CONSTANT_CONVERSION = YES;
				CLANG_WARN_DIRECT_OBJC_ISA_USAGE = YES_ERROR;
				CLANG_WARN_EMPTY_BODY = YES;
				CLANG_WARN_ENUM_CONVERSION = YES;
				CLANG_WARN_INT_CONVERSION = YES;
				CLANG_WARN_OBJC_ROOT_CLASS = YES_ERROR;
				CLANG_WARN_UNREACHABLE_CODE = YES;
				CLANG_WARN__DUPLICATE_METHOD_MATCH = YES;
				"CODE_SIGN_IDENTITY[sdk=iphoneos*]" = "iPhone Developer";
				COPY_PHASE_STRIP = NO;
				DEBUG_INFORMATION_FORMAT = "dwarf-with-dsym";
				ENABLE_STRICT_OBJC_MSGSEND = YES;
				GCC_C_LANGUAGE_STANDARD = gnu99;
				GCC_DYNAMIC_NO_PIC = NO;
				GCC_NO_COMMON_BLOCKS = YES;
				GCC_OPTIMIZATION_LEVEL = 0;
				GCC_PREPROCESSOR_DEFINITIONS = (
					"DEBUG=1",
					"$(inherited)",
				);
				GCC_SYMBOLS_PRIVATE_EXTERN = NO;
				GCC_WARN_64_TO_32_BIT_CONVERSION = YES;
				GCC_WARN_ABOUT_RETURN_TYPE = YES_ERROR;
				GCC_WARN_UNDECLARED_SELECTOR = YES;
				GCC_WARN_UNINITIALIZED_AUTOS = YES_AGGRESSIVE;
				GCC_WARN_UNUSED_FUNCTION = YES;
				GCC_WARN_UNUSED_VARIABLE = YES;
				IPHONEOS_DEPLOYMENT_TARGET = 8.3;
				MTL_ENABLE_DEBUG_INFO = YES;
				ONLY_ACTIVE_ARCH = YES;
				SDKROOT = iphoneos;
				SWIFT_OPTIMIZATION_LEVEL = "-Onone";
				TARGETED_DEVICE_FAMILY = "1,2";
			};
			name = Debug;
		};
		75A3D0761ABA5DAC00F586DC /* Release */ = {
			isa = XCBuildConfiguration;
			buildSettings = {
				ALWAYS_SEARCH_USER_PATHS = NO;
				CLANG_CXX_LANGUAGE_STANDARD = "gnu++0x";
				CLANG_CXX_LIBRARY = "libc++";
				CLANG_ENABLE_MODULES = YES;
				CLANG_ENABLE_OBJC_ARC = YES;
				CLANG_WARN_BOOL_CONVERSION = YES;
				CLANG_WARN_CONSTANT_CONVERSION = YES;
				CLANG_WARN_DIRECT_OBJC_ISA_USAGE = YES_ERROR;
				CLANG_WARN_EMPTY_BODY = YES;
				CLANG_WARN_ENUM_CONVERSION = YES;
				CLANG_WARN_INT_CONVERSION = YES;
				CLANG_WARN_OBJC_ROOT_CLASS = YES_ERROR;
				CLANG_WARN_UNREACHABLE_CODE = YES;
				CLANG_WARN__DUPLICATE_METHOD_MATCH = YES;
				"CODE_SIGN_IDENTITY[sdk=iphoneos*]" = "iPhone Developer";
				COPY_PHASE_STRIP = NO;
				DEBUG_INFORMATION_FORMAT = "dwarf-with-dsym";
				ENABLE_NS_ASSERTIONS = NO;
				ENABLE_STRICT_OBJC_MSGSEND = YES;
				GCC_C_LANGUAGE_STANDARD = gnu99;
				GCC_NO_COMMON_BLOCKS = YES;
				GCC_WARN_64_TO_32_BIT_CONVERSION = YES;
				GCC_WARN_ABOUT_RETURN_TYPE = YES_ERROR;
				GCC_WARN_UNDECLARED_SELECTOR = YES;
				GCC_WARN_UNINITIALIZED_AUTOS = YES_AGGRESSIVE;
				GCC_WARN_UNUSED_FUNCTION = YES;
				GCC_WARN_UNUSED_VARIABLE = YES;
				IPHONEOS_DEPLOYMENT_TARGET = 8.3;
				MTL_ENABLE_DEBUG_INFO = NO;
				SDKROOT = iphoneos;
				TARGETED_DEVICE_FAMILY = "1,2";
				VALIDATE_PRODUCT = YES;
			};
			name = Release;
		};
		75A3D0781ABA5DAC00F586DC /* Debug */ = {
			isa = XCBuildConfiguration;
			buildSettings = {
				ASSETCATALOG_COMPILER_APPICON_NAME = AppIcon;
				INFOPLIST_FILE = Strand/Info.plist;
				LD_RUNPATH_SEARCH_PATHS = "$(inherited) @executable_path/Frameworks";
				PRODUCT_NAME = "$(TARGET_NAME)";
			};
			name = Debug;
		};
		75A3D0791ABA5DAC00F586DC /* Release */ = {
			isa = XCBuildConfiguration;
			buildSettings = {
				ASSETCATALOG_COMPILER_APPICON_NAME = AppIcon;
				INFOPLIST_FILE = Strand/Info.plist;
				LD_RUNPATH_SEARCH_PATHS = "$(inherited) @executable_path/Frameworks";
				PRODUCT_NAME = "$(TARGET_NAME)";
			};
			name = Release;
		};
		75A3D07B1ABA5DAC00F586DC /* Debug */ = {
			isa = XCBuildConfiguration;
			buildSettings = {
				BUNDLE_LOADER = "$(TEST_HOST)";
				FRAMEWORK_SEARCH_PATHS = (
					"$(SDKROOT)/Developer/Library/Frameworks",
					"$(inherited)",
				);
				GCC_PREPROCESSOR_DEFINITIONS = (
					"DEBUG=1",
					"$(inherited)",
				);
				INFOPLIST_FILE = StrandTests/Info.plist;
				LD_RUNPATH_SEARCH_PATHS = "$(inherited) @executable_path/Frameworks @loader_path/Frameworks";
				PRODUCT_NAME = "$(TARGET_NAME)";
				TEST_HOST = "$(BUILT_PRODUCTS_DIR)/Strand.app/Strand";
			};
			name = Debug;
		};
		75A3D07C1ABA5DAC00F586DC /* Release */ = {
			isa = XCBuildConfiguration;
			buildSettings = {
				BUNDLE_LOADER = "$(TEST_HOST)";
				FRAMEWORK_SEARCH_PATHS = (
					"$(SDKROOT)/Developer/Library/Frameworks",
					"$(inherited)",
				);
				INFOPLIST_FILE = StrandTests/Info.plist;
				LD_RUNPATH_SEARCH_PATHS = "$(inherited) @executable_path/Frameworks @loader_path/Frameworks";
				PRODUCT_NAME = "$(TARGET_NAME)";
				TEST_HOST = "$(BUILT_PRODUCTS_DIR)/Strand.app/Strand";
			};
			name = Release;
		};
/* End XCBuildConfiguration section */

/* Begin XCConfigurationList section */
		75A3D0531ABA5DAC00F586DC /* Build configuration list for PBXProject "Strand" */ = {
			isa = XCConfigurationList;
			buildConfigurations = (
				75A3D0751ABA5DAC00F586DC /* Debug */,
				75A3D0761ABA5DAC00F586DC /* Release */,
			);
			defaultConfigurationIsVisible = 0;
			defaultConfigurationName = Release;
		};
		75A3D0771ABA5DAC00F586DC /* Build configuration list for PBXNativeTarget "Strand" */ = {
			isa = XCConfigurationList;
			buildConfigurations = (
				75A3D0781ABA5DAC00F586DC /* Debug */,
				75A3D0791ABA5DAC00F586DC /* Release */,
			);
			defaultConfigurationIsVisible = 0;
		};
		75A3D07A1ABA5DAC00F586DC /* Build configuration list for PBXNativeTarget "StrandTests" */ = {
			isa = XCConfigurationList;
			buildConfigurations = (
				75A3D07B1ABA5DAC00F586DC /* Debug */,
				75A3D07C1ABA5DAC00F586DC /* Release */,
			);
			defaultConfigurationIsVisible = 0;
		};
/* End XCConfigurationList section */
	};
	rootObject = 75A3D0501ABA5DAC00F586DC /* Project object */;
}
